
Microsoft Visual Studio Solution File, Format Version 12.00
# Visual Studio Version 17
VisualStudioVersion = 17.13.35825.156 d17.13
MinimumVisualStudioVersion = 10.0.40219.1
Project("{8BC9CEB8-8B4A-11D0-8D11-00A0C91BC942}") = "Practicum_10", "Practicum_10\Practicum_10.vcxproj", "{EF52BD0C-14F5-4A1F-ADC0-27A36752961C}"
EndProject
Global
	GlobalSection(SolutionConfigurationPlatforms) = preSolution
		Debug|x64 = Debug|x64
		Debug|x86 = Debug|x86
		Release|x64 = Release|x64
		Release|x86 = Release|x86
	EndGlobalSection
	GlobalSection(ProjectConfigurationPlatforms) = postSolution
		{EF52BD0C-14F5-4A1F-ADC0-27A36752961C}.Debug|x64.ActiveCfg = Debug|x64
		{EF52BD0C-14F5-4A1F-ADC0-27A36752961C}.Debug|x64.Build.0 = Debug|x64
		{EF52BD0C-14F5-4A1F-ADC0-27A36752961C}.Debug|x86.ActiveCfg = Debug|Win32
		{EF52BD0C-14F5-4A1F-ADC0-27A36752961C}.Debug|x86.Build.0 = Debug|Win32
		{EF52BD0C-14F5-4A1F-ADC0-27A36752961C}.Release|x64.ActiveCfg = Release|x64
		{EF52BD0C-14F5-4A1F-ADC0-27A36752961C}.Release|x64.Build.0 = Release|x64
		{EF52BD0C-14F5-4A1F-ADC0-27A36752961C}.Release|x86.ActiveCfg = Release|Win32
		{EF52BD0C-14F5-4A1F-ADC0-27A36752961C}.Release|x86.Build.0 = Release|Win32
	EndGlobalSection
	GlobalSection(SolutionProperties) = preSolution
		HideSolutionNode = FALSE
	EndGlobalSection
	GlobalSection(ExtensibilityGlobals) = postSolution
		SolutionGuid = {5C7850F4-FC93-4EAA-AAC3-0752394C53F9}
	EndGlobalSection
EndGlobal
